
Microsoft Visual Studio Solution File, Format Version 12.00
# Visual Studio Version 17
VisualStudioVersion = 17.7.34024.191
MinimumVisualStudioVersion = 10.0.40219.1
Project("{FAE04EC0-301F-11D3-BF4B-00C04F79EFBC}") = "MyMenu", "MyMenu.csproj", "{3A0B5F45-88F7-408F-8FF8-CF9D3DE9E3BA}"
EndProject
Global
	GlobalSection(SolutionConfigurationPlatforms) = preSolution
		Debug|Any CPU = Debug|Any CPU
		Release|Any CPU = Release|Any CPU
	EndGlobalSection
	GlobalSection(ProjectConfigurationPlatforms) = postSolution
		{3A0B5F45-88F7-408F-8FF8-CF9D3DE9E3BA}.Debug|Any CPU.ActiveCfg = Debug|Any CPU
		{3A0B5F45-88F7-408F-8FF8-CF9D3DE9E3BA}.Debug|Any CPU.Build.0 = Debug|Any CPU
		{3A0B5F45-88F7-408F-8FF8-CF9D3DE9E3BA}.Release|Any CPU.ActiveCfg = Release|Any CPU
		{3A0B5F45-88F7-408F-8FF8-CF9D3DE9E3BA}.Release|Any CPU.Build.0 = Release|Any CPU
	EndGlobalSection
	GlobalSection(SolutionProperties) = preSolution
		HideSolutionNode = FALSE
	EndGlobalSection
	GlobalSection(ExtensibilityGlobals) = postSolution
		SolutionGuid = {491AB044-8D10-4837-824F-41C9993AC7BC}
	EndGlobalSection
EndGlobal
